
Microsoft Visual Studio Solution File, Format Version 12.00
# Visual Studio Version 17
VisualStudioVersion = 17.1.32319.34
MinimumVisualStudioVersion = 10.0.40219.1
Project("{2150E333-8FDC-42A3-9474-1A3956D46DE8}") = "Src", "Src", "{AA422894-40F4-43DA-84DE-67E6E325584E}"
EndProject
Project("{9A19103F-16F7-4668-BE54-9A1E7A4F7556}") = "Jibble.Assessment", "Jibble.Assessment\Jibble.Assessment.csproj", "{6CC42E3B-1FEE-4281-85DC-D1EC37835197}"
EndProject
Global
	GlobalSection(SolutionConfigurationPlatforms) = preSolution
		Debug|Any CPU = Debug|Any CPU
		Release|Any CPU = Release|Any CPU
	EndGlobalSection
	GlobalSection(ProjectConfigurationPlatforms) = postSolution
		{6CC42E3B-1FEE-4281-85DC-D1EC37835197}.Debug|Any CPU.ActiveCfg = Debug|Any CPU
		{6CC42E3B-1FEE-4281-85DC-D1EC37835197}.Debug|Any CPU.Build.0 = Debug|Any CPU
		{6CC42E3B-1FEE-4281-85DC-D1EC37835197}.Release|Any CPU.ActiveCfg = Release|Any CPU
		{6CC42E3B-1FEE-4281-85DC-D1EC37835197}.Release|Any CPU.Build.0 = Release|Any CPU
	EndGlobalSection
	GlobalSection(SolutionProperties) = preSolution
		HideSolutionNode = FALSE
	EndGlobalSection
	GlobalSection(NestedProjects) = preSolution
		{6CC42E3B-1FEE-4281-85DC-D1EC37835197} = {AA422894-40F4-43DA-84DE-67E6E325584E}
	EndGlobalSection
	GlobalSection(ExtensibilityGlobals) = postSolution
		SolutionGuid = {E9E9D658-05D4-493D-B470-647332DBB9FC}
	EndGlobalSection
EndGlobal
